# Generated by pub
# See https://dart.dev/tools/pub/glossary#lockfile
packages:
  vm_service:
    dependency: "direct main"
    description:
      name: vm_service
      sha256: "0016aef94fc66495ac78af5859181e3f3bf2026bd8eecc72b9565601e19ab360"
      url: "https://pub.dev"
    source: hosted
    version: "15.2.0"
sdks:
  dart: ">=3.5.0 <4.0.0"
