lockfileVersion: '9.0'

settings:
  autoInstallPeers: true
  excludeLinksFromLockfile: false

importers:

  .:
    dependencies:
      '@radix-ui/react-avatar':
        specifier: ^1.1.11
        version: 1.1.11(react-dom@19.2.5(react@19.2.5))(react@19.2.5)
      mcp-use:
        specifier: workspace:*
        version: link:../mcp-use
    devDependencies:
      react:
        specifier: ^19.2.3
        version: 19.2.5
      react-dom:
        specifier: ^19.2.3
        version: 19.2.5(react@19.2.5)

packages:

  '@radix-ui/react-avatar@1.1.11':
    resolution: {integrity: sha512-0Qk603AHGV28BOBO34p7IgD5m+V5Sg/YovfayABkoDDBM5d3NCx0Mp4gGrjzLGes1jV5eNOE1r3itqOR33VC6Q==}
    peerDependencies:
      '@types/react': '*'
      '@types/react-dom': '*'
      react: ^16.8 || ^17.0 || ^18.0 || ^19.0 || ^19.0.0-rc
      react-dom: ^16.8 || ^17.0 || ^18.0 || ^19.0 || ^19.0.0-rc
    peerDependenciesMeta:
      '@types/react':
        optional: true
      '@types/react-dom':
        optional: true

  '@radix-ui/react-compose-refs@1.1.2':
    resolution: {integrity: sha512-z4eqJvfiNnFMHIIvXP3CY57y2WJs5g2v3X0zm9mEJkrkNv4rDxu+sg9Jh8EkXyeqBkB7SOcboo9dMVqhyrACIg==}
    peerDependencies:
      '@types/react': '*'
      react: ^16.8 || ^17.0 || ^18.0 || ^19.0 || ^19.0.0-rc
    peerDependenciesMeta:
      '@types/react':
        optional: true

  '@radix-ui/react-context@1.1.3':
    resolution: {integrity: sha512-ieIFACdMpYfMEjF0rEf5KLvfVyIkOz6PDGyNnP+u+4xQ6jny3VCgA4OgXOwNx2aUkxn8zx9fiVcM8CfFYv9Lxw==}
    peerDependencies:
      '@types/react': '*'
      react: ^16.8 || ^17.0 || ^18.0 || ^19.0 || ^19.0.0-rc
    peerDependenciesMeta:
      '@types/react':
        optional: true

  '@radix-ui/react-primitive@2.1.4':
    resolution: {integrity: sha512-9hQc4+GNVtJAIEPEqlYqW5RiYdrr8ea5XQ0ZOnD6fgru+83kqT15mq2OCcbe8KnjRZl5vF3ks69AKz3kh1jrhg==}
    peerDependencies:
      '@types/react': '*'
      '@types/react-dom': '*'
      react: ^16.8 || ^17.0 || ^18.0 || ^19.0 || ^19.0.0-rc
      react-dom: ^16.8 || ^17.0 || ^18.0 || ^19.0 || ^19.0.0-rc
    peerDependenciesMeta:
      '@types/react':
        optional: true
      '@types/react-dom':
        optional: true

  '@radix-ui/react-slot@1.2.4':
    resolution: {integrity: sha512-Jl+bCv8HxKnlTLVrcDE8zTMJ09R9/ukw4qBs/oZClOfoQk/cOTbDn+NceXfV7j09YPVQUryJPHurafcSg6EVKA==}
    peerDependencies:
      '@types/react': '*'
      react: ^16.8 || ^17.0 || ^18.0 || ^19.0 || ^19.0.0-rc
    peerDependenciesMeta:
      '@types/react':
        optional: true

  '@radix-ui/react-use-callback-ref@1.1.1':
    resolution: {integrity: sha512-FkBMwD+qbGQeMu1cOHnuGB6x4yzPjho8ap5WtbEJ26umhgqVXbhekKUQO+hZEL1vU92a3wHwdp0HAcqAUF5iDg==}
    peerDependencies:
      '@types/react': '*'
      react: ^16.8 || ^17.0 || ^18.0 || ^19.0 || ^19.0.0-rc
    peerDependenciesMeta:
      '@types/react':
        optional: true

  '@radix-ui/react-use-is-hydrated@0.1.0':
    resolution: {integrity: sha512-U+UORVEq+cTnRIaostJv9AGdV3G6Y+zbVd+12e18jQ5A3c0xL03IhnHuiU4UV69wolOQp5GfR58NW/EgdQhwOA==}
    peerDependencies:
      '@types/react': '*'
      react: ^16.8 || ^17.0 || ^18.0 || ^19.0 || ^19.0.0-rc
    peerDependenciesMeta:
      '@types/react':
        optional: true

  '@radix-ui/react-use-layout-effect@1.1.1':
    resolution: {integrity: sha512-RbJRS4UWQFkzHTTwVymMTUv8EqYhOp8dOOviLj2ugtTiXRaRQS7GLGxZTLL1jWhMeoSCf5zmcZkqTl9IiYfXcQ==}
    peerDependencies:
      '@types/react': '*'
      react: ^16.8 || ^17.0 || ^18.0 || ^19.0 || ^19.0.0-rc
    peerDependenciesMeta:
      '@types/react':
        optional: true

  react-dom@19.2.5:
    resolution: {integrity: sha512-J5bAZz+DXMMwW/wV3xzKke59Af6CHY7G4uYLN1OvBcKEsWOs4pQExj86BBKamxl/Ik5bx9whOrvBlSDfWzgSag==}
    peerDependencies:
      react: ^19.2.5

  react@19.2.5:
    resolution: {integrity: sha512-llUJLzz1zTUBrskt2pwZgLq59AemifIftw4aB7JxOqf1HY2FDaGDxgwpAPVzHU1kdWabH7FauP4i1oEeer2WCA==}
    engines: {node: '>=0.10.0'}

  scheduler@0.27.0:
    resolution: {integrity: sha512-eNv+WrVbKu1f3vbYJT/xtiF5syA5HPIMtf9IgY/nKg0sWqzAUEvqY/xm7OcZc/qafLx/iO9FgOmeSAp4v5ti/Q==}

  use-sync-external-store@1.6.0:
    resolution: {integrity: sha512-Pp6GSwGP/NrPIrxVFAIkOQeyw8lFenOHijQWkUTrDvrF4ALqylP2C/KCkeS9dpUM3KvYRQhna5vt7IL95+ZQ9w==}
    peerDependencies:
      react: ^16.8.0 || ^17.0.0 || ^18.0.0 || ^19.0.0

snapshots:

  '@radix-ui/react-avatar@1.1.11(react-dom@19.2.5(react@19.2.5))(react@19.2.5)':
    dependencies:
      '@radix-ui/react-context': 1.1.3(react@19.2.5)
      '@radix-ui/react-primitive': 2.1.4(react-dom@19.2.5(react@19.2.5))(react@19.2.5)
      '@radix-ui/react-use-callback-ref': 1.1.1(react@19.2.5)
      '@radix-ui/react-use-is-hydrated': 0.1.0(react@19.2.5)
      '@radix-ui/react-use-layout-effect': 1.1.1(react@19.2.5)
      react: 19.2.5
      react-dom: 19.2.5(react@19.2.5)

  '@radix-ui/react-compose-refs@1.1.2(react@19.2.5)':
    dependencies:
      react: 19.2.5

  '@radix-ui/react-context@1.1.3(react@19.2.5)':
    dependencies:
      react: 19.2.5

  '@radix-ui/react-primitive@2.1.4(react-dom@19.2.5(react@19.2.5))(react@19.2.5)':
    dependencies:
      '@radix-ui/react-slot': 1.2.4(react@19.2.5)
      react: 19.2.5
      react-dom: 19.2.5(react@19.2.5)

  '@radix-ui/react-slot@1.2.4(react@19.2.5)':
    dependencies:
      '@radix-ui/react-compose-refs': 1.1.2(react@19.2.5)
      react: 19.2.5

  '@radix-ui/react-use-callback-ref@1.1.1(react@19.2.5)':
    dependencies:
      react: 19.2.5

  '@radix-ui/react-use-is-hydrated@0.1.0(react@19.2.5)':
    dependencies:
      react: 19.2.5
      use-sync-external-store: 1.6.0(react@19.2.5)

  '@radix-ui/react-use-layout-effect@1.1.1(react@19.2.5)':
    dependencies:
      react: 19.2.5

  react-dom@19.2.5(react@19.2.5):
    dependencies:
      react: 19.2.5
      scheduler: 0.27.0

  react@19.2.5: {}

  scheduler@0.27.0: {}

  use-sync-external-store@1.6.0(react@19.2.5):
    dependencies:
      react: 19.2.5
