Microsoft Visual Studio Solution File, Format Version 12.00
# Visual Studio Version 18
VisualStudioVersion = 18.6.11828.311
MinimumVisualStudioVersion = 10.0.40219.1
Project("{2150E333-8FDC-42A3-9474-1A3956D46DE8}") = "ToolDescriptionEvaluator", "ToolDescriptionEvaluator", "{89C7D52E-46CB-E5E4-EB56-C23691DF38B5}"
EndProject
Project("{FAE04EC0-301F-11D3-BF4B-00C04F79EFBC}") = "ToolDescriptionEvaluator", "ToolDescriptionEvaluator\src\ToolDescriptionEvaluator.csproj", "{CE346AEC-0DD6-C210-A058-B6D879AF55B1}"
EndProject
Project("{2150E333-8FDC-42A3-9474-1A3956D46DE8}") = "ToolMetadataExporter", "ToolMetadataExporter", "{F86DD719-7EB8-4D49-81EA-F2D6565A7047}"
EndProject
Project("{FAE04EC0-301F-11D3-BF4B-00C04F79EFBC}") = "ToolMetadataExporter", "ToolMetadataExporter\src\ToolMetadataExporter.csproj", "{41A27DC4-E2C0-E36D-EF8E-854DFC376331}"
EndProject
Project("{FAE04EC0-301F-11D3-BF4B-00C04F79EFBC}") = "ToolMetadataExporter.UnitTests", "ToolMetadataExporter\tests\ToolMetadataExporter.UnitTests\ToolMetadataExporter.UnitTests.csproj", "{8B9656E4-84BE-0199-1E72-B4E5B713E059}"
EndProject
Project("{2150E333-8FDC-42A3-9474-1A3956D46DE8}") = "CopilotCliTester", "CopilotCliTester", "{956495E3-FC37-4BA1-838B-973B97FD8AB2}"
EndProject
Project("{FAE04EC0-301F-11D3-BF4B-00C04F79EFBC}") = "CopilotCliTester", "CopilotCliTester\src\CopilotCliTester.csproj", "{54E76565-1B9C-0E30-774A-DAE7DD903DF9}"
EndProject
Project("{FAE04EC0-301F-11D3-BF4B-00C04F79EFBC}") = "CopilotCliTester.Tests", "CopilotCliTester\tests\CopilotCliTester.Tests.csproj", "{18D84280-411A-201E-9994-3D71A16F1950}"
EndProject
Project("{2150E333-8FDC-42A3-9474-1A3956D46DE8}") = "McpToolEvaluator.Core", "McpToolEvaluator.Core", "{2F921C00-8FF7-4FB4-99C6-3DB9C123B258}"
EndProject
Project("{FAE04EC0-301F-11D3-BF4B-00C04F79EFBC}") = "McpToolEvaluator.Core", "McpToolEvaluator.Core\src\McpToolEvaluator.Core.csproj", "{26634E52-1878-3E00-1624-5671A30982B4}"
EndProject
Project("{FAE04EC0-301F-11D3-BF4B-00C04F79EFBC}") = "McpToolEvaluator.Core.Tests", "McpToolEvaluator.Core\tests\McpToolEvaluator.Core.Tests.csproj", "{27791D6A-A5E3-8D86-29BE-FFFCB19F1431}"
EndProject
Project("{2150E333-8FDC-42A3-9474-1A3956D46DE8}") = "VallyEvaluator", "VallyEvaluator", "{F504E075-6E73-4538-859E-9D5B983CC8F7}"
EndProject
Project("{FAE04EC0-301F-11D3-BF4B-00C04F79EFBC}") = "VallyEvaluator", "VallyEvaluator\src\VallyEvaluator.csproj", "{CEC00C5C-51C4-0827-9409-40D1454CB1DF}"
EndProject
Project("{FAE04EC0-301F-11D3-BF4B-00C04F79EFBC}") = "VallyEvaluator.Tests", "VallyEvaluator\tests\VallyEvaluator.Tests.csproj", "{62A1BDE9-3C4D-516F-8B0F-9256B60B4D1C}"
EndProject
Global
	GlobalSection(SolutionConfigurationPlatforms) = preSolution
		Debug|Any CPU = Debug|Any CPU
		Release|Any CPU = Release|Any CPU
	EndGlobalSection
	GlobalSection(ProjectConfigurationPlatforms) = postSolution
		{CE346AEC-0DD6-C210-A058-B6D879AF55B1}.Debug|Any CPU.ActiveCfg = Debug|Any CPU
		{CE346AEC-0DD6-C210-A058-B6D879AF55B1}.Debug|Any CPU.Build.0 = Debug|Any CPU
		{CE346AEC-0DD6-C210-A058-B6D879AF55B1}.Release|Any CPU.ActiveCfg = Release|Any CPU
		{CE346AEC-0DD6-C210-A058-B6D879AF55B1}.Release|Any CPU.Build.0 = Release|Any CPU
		{41A27DC4-E2C0-E36D-EF8E-854DFC376331}.Debug|Any CPU.ActiveCfg = Debug|Any CPU
		{41A27DC4-E2C0-E36D-EF8E-854DFC376331}.Debug|Any CPU.Build.0 = Debug|Any CPU
		{41A27DC4-E2C0-E36D-EF8E-854DFC376331}.Release|Any CPU.ActiveCfg = Release|Any CPU
		{41A27DC4-E2C0-E36D-EF8E-854DFC376331}.Release|Any CPU.Build.0 = Release|Any CPU
		{8B9656E4-84BE-0199-1E72-B4E5B713E059}.Debug|Any CPU.ActiveCfg = Debug|Any CPU
		{8B9656E4-84BE-0199-1E72-B4E5B713E059}.Debug|Any CPU.Build.0 = Debug|Any CPU
		{8B9656E4-84BE-0199-1E72-B4E5B713E059}.Release|Any CPU.ActiveCfg = Release|Any CPU
		{8B9656E4-84BE-0199-1E72-B4E5B713E059}.Release|Any CPU.Build.0 = Release|Any CPU
		{54E76565-1B9C-0E30-774A-DAE7DD903DF9}.Debug|Any CPU.ActiveCfg = Debug|Any CPU
		{54E76565-1B9C-0E30-774A-DAE7DD903DF9}.Debug|Any CPU.Build.0 = Debug|Any CPU
		{54E76565-1B9C-0E30-774A-DAE7DD903DF9}.Release|Any CPU.ActiveCfg = Release|Any CPU
		{54E76565-1B9C-0E30-774A-DAE7DD903DF9}.Release|Any CPU.Build.0 = Release|Any CPU
		{18D84280-411A-201E-9994-3D71A16F1950}.Debug|Any CPU.ActiveCfg = Debug|Any CPU
		{18D84280-411A-201E-9994-3D71A16F1950}.Debug|Any CPU.Build.0 = Debug|Any CPU
		{18D84280-411A-201E-9994-3D71A16F1950}.Release|Any CPU.ActiveCfg = Release|Any CPU
		{18D84280-411A-201E-9994-3D71A16F1950}.Release|Any CPU.Build.0 = Release|Any CPU
		{26634E52-1878-3E00-1624-5671A30982B4}.Debug|Any CPU.ActiveCfg = Debug|Any CPU
		{26634E52-1878-3E00-1624-5671A30982B4}.Debug|Any CPU.Build.0 = Debug|Any CPU
		{26634E52-1878-3E00-1624-5671A30982B4}.Release|Any CPU.ActiveCfg = Release|Any CPU
		{26634E52-1878-3E00-1624-5671A30982B4}.Release|Any CPU.Build.0 = Release|Any CPU
		{27791D6A-A5E3-8D86-29BE-FFFCB19F1431}.Debug|Any CPU.ActiveCfg = Debug|Any CPU
		{27791D6A-A5E3-8D86-29BE-FFFCB19F1431}.Debug|Any CPU.Build.0 = Debug|Any CPU
		{27791D6A-A5E3-8D86-29BE-FFFCB19F1431}.Release|Any CPU.ActiveCfg = Release|Any CPU
		{27791D6A-A5E3-8D86-29BE-FFFCB19F1431}.Release|Any CPU.Build.0 = Release|Any CPU
		{CEC00C5C-51C4-0827-9409-40D1454CB1DF}.Debug|Any CPU.ActiveCfg = Debug|Any CPU
		{CEC00C5C-51C4-0827-9409-40D1454CB1DF}.Debug|Any CPU.Build.0 = Debug|Any CPU
		{CEC00C5C-51C4-0827-9409-40D1454CB1DF}.Release|Any CPU.ActiveCfg = Release|Any CPU
		{CEC00C5C-51C4-0827-9409-40D1454CB1DF}.Release|Any CPU.Build.0 = Release|Any CPU
		{62A1BDE9-3C4D-516F-8B0F-9256B60B4D1C}.Debug|Any CPU.ActiveCfg = Debug|Any CPU
		{62A1BDE9-3C4D-516F-8B0F-9256B60B4D1C}.Debug|Any CPU.Build.0 = Debug|Any CPU
		{62A1BDE9-3C4D-516F-8B0F-9256B60B4D1C}.Release|Any CPU.ActiveCfg = Release|Any CPU
		{62A1BDE9-3C4D-516F-8B0F-9256B60B4D1C}.Release|Any CPU.Build.0 = Release|Any CPU
	EndGlobalSection
	GlobalSection(SolutionProperties) = preSolution
		HideSolutionNode = FALSE
	EndGlobalSection
	GlobalSection(NestedProjects) = preSolution
		{CE346AEC-0DD6-C210-A058-B6D879AF55B1} = {89C7D52E-46CB-E5E4-EB56-C23691DF38B5}
		{41A27DC4-E2C0-E36D-EF8E-854DFC376331} = {F86DD719-7EB8-4D49-81EA-F2D6565A7047}
		{8B9656E4-84BE-0199-1E72-B4E5B713E059} = {F86DD719-7EB8-4D49-81EA-F2D6565A7047}
		{54E76565-1B9C-0E30-774A-DAE7DD903DF9} = {956495E3-FC37-4BA1-838B-973B97FD8AB2}
		{18D84280-411A-201E-9994-3D71A16F1950} = {956495E3-FC37-4BA1-838B-973B97FD8AB2}
		{26634E52-1878-3E00-1624-5671A30982B4} = {2F921C00-8FF7-4FB4-99C6-3DB9C123B258}
		{27791D6A-A5E3-8D86-29BE-FFFCB19F1431} = {2F921C00-8FF7-4FB4-99C6-3DB9C123B258}
		{CEC00C5C-51C4-0827-9409-40D1454CB1DF} = {F504E075-6E73-4538-859E-9D5B983CC8F7}
		{62A1BDE9-3C4D-516F-8B0F-9256B60B4D1C} = {F504E075-6E73-4538-859E-9D5B983CC8F7}
	EndGlobalSection
	GlobalSection(ExtensibilityGlobals) = postSolution
		SolutionGuid = {FE4B2877-CB8E-40CE-92EA-A30A5B9C07EE}
	EndGlobalSection
EndGlobal
